
Microsoft Visual Studio Solution File, Format Version 12.00
# Visual Studio Version 16
VisualStudioVersion = 25.0.1706.1
MinimumVisualStudioVersion = 10.0.40219.1
Project("{FAE04EC0-301F-11D3-BF4B-00C04F79EFBC}") = "MauiMenuItem", "MauiMenuItem\MauiMenuItem.csproj", "{8AFACC38-8180-4A8E-987D-B47896E9A369}"
EndProject
Global
	GlobalSection(SolutionConfigurationPlatforms) = preSolution
		Debug|Any CPU = Debug|Any CPU
		Release|Any CPU = Release|Any CPU
	EndGlobalSection
	GlobalSection(ProjectConfigurationPlatforms) = postSolution
		{8AFACC38-8180-4A8E-987D-B47896E9A369}.Debug|Any CPU.ActiveCfg = Debug|Any CPU
		{8AFACC38-8180-4A8E-987D-B47896E9A369}.Debug|Any CPU.Build.0 = Debug|Any CPU
		{8AFACC38-8180-4A8E-987D-B47896E9A369}.Release|Any CPU.ActiveCfg = Release|Any CPU
		{8AFACC38-8180-4A8E-987D-B47896E9A369}.Release|Any CPU.Build.0 = Release|Any CPU
	EndGlobalSection
	GlobalSection(SolutionProperties) = preSolution
		HideSolutionNode = FALSE
	EndGlobalSection
	GlobalSection(ExtensibilityGlobals) = postSolution
		SolutionGuid = {1399AE89-5A83-4F64-8408-FAB7DF4B055F}
	EndGlobalSection
EndGlobal
